
Microsoft Visual Studio Solution File, Format Version 12.00
# Visual Studio 2012
Project("{8BC9CEB8-8B4A-11D0-8D11-00A0C91BC942}") = "Pool", "Pool\Pool.vcxproj", "{371ABA3B-5062-44E3-A093-E1BB64BF791C}"
EndProject
Global
	GlobalSection(SolutionConfigurationPlatforms) = preSolution
		Debug|Win32 = Debug|Win32
		Release|Win32 = Release|Win32
	EndGlobalSection
	GlobalSection(ProjectConfigurationPlatforms) = postSolution
		{371ABA3B-5062-44E3-A093-E1BB64BF791C}.Debug|Win32.ActiveCfg = Debug|Win32
		{371ABA3B-5062-44E3-A093-E1BB64BF791C}.Debug|Win32.Build.0 = Debug|Win32
		{371ABA3B-5062-44E3-A093-E1BB64BF791C}.Release|Win32.ActiveCfg = Release|Win32
		{371ABA3B-5062-44E3-A093-E1BB64BF791C}.Release|Win32.Build.0 = Release|Win32
	EndGlobalSection
	GlobalSection(SolutionProperties) = preSolution
		HideSolutionNode = FALSE
	EndGlobalSection
EndGlobal
